
Microsoft Visual Studio Solution File, Format Version 12.00
# Visual Studio Version 16
VisualStudioVersion = 16.0.28922.388
MinimumVisualStudioVersion = 10.0.40219.1
Project("{FAE04EC0-301F-11D3-BF4B-00C04F79EFBC}") = "OnlineMovieStoreV2", "OnlineMovieStoreV2\OnlineMovieStoreV2.csproj", "{6A13172C-6BD7-4385-A365-09E43B684FCC}"
EndProject
Global
	GlobalSection(SolutionConfigurationPlatforms) = preSolution
		Debug|Any CPU = Debug|Any CPU
		Release|Any CPU = Release|Any CPU
		Testing|Any CPU = Testing|Any CPU
	EndGlobalSection
	GlobalSection(ProjectConfigurationPlatforms) = postSolution
		{6A13172C-6BD7-4385-A365-09E43B684FCC}.Debug|Any CPU.ActiveCfg = Debug|Any CPU
		{6A13172C-6BD7-4385-A365-09E43B684FCC}.Debug|Any CPU.Build.0 = Debug|Any CPU
		{6A13172C-6BD7-4385-A365-09E43B684FCC}.Release|Any CPU.ActiveCfg = Release|Any CPU
		{6A13172C-6BD7-4385-A365-09E43B684FCC}.Release|Any CPU.Build.0 = Release|Any CPU
		{6A13172C-6BD7-4385-A365-09E43B684FCC}.Testing|Any CPU.ActiveCfg = Testing|Any CPU
		{6A13172C-6BD7-4385-A365-09E43B684FCC}.Testing|Any CPU.Build.0 = Testing|Any CPU
	EndGlobalSection
	GlobalSection(SolutionProperties) = preSolution
		HideSolutionNode = FALSE
	EndGlobalSection
	GlobalSection(ExtensibilityGlobals) = postSolution
		SolutionGuid = {E9049350-8404-45B6-90A3-5377FCF6C940}
	EndGlobalSection
EndGlobal
